<?xml version="1.0" encoding="utf-8"?>
<Project ToolsVersion="4.0" xmlns="http://schemas.microsoft.com/developer/msbuild/2003">
  <ItemGroup>
    <ClCompile Include="..\CAM\CamDev.cpp" />
    <ClCompile Include="..\CAM\Camera.cpp" />
    <ClCompile Include="..\CAM\CamPar.cpp" />
    <ClCompile Include="..\CAM\LucamDev.cpp" />
    <ClCompile Include="..\IM\ColorMapGenerator.cpp" />
    <ClCompile Include="..\IM\IM.cpp" />
    <ClCompile Include="..\IM\IMS.cpp" />
    <ClCompile Include="..\LOG\LogSys.cpp" />
    <ClCompile Include="..\MOTOR\COM.cpp" />
    <ClCompile Include="..\MOTOR\COM_D.cpp" />
    <ClCompile Include="..\MOTOR\Motor.cpp" />
    <ClCompile Include="..\MOTOR\MotorCtrl.cpp" />
    <ClCompile Include="..\MOTOR\Piezo.cpp" />
    <ClCompile Include="..\MOTOR\PriorConfig\datalink_serial.cpp" />
    <ClCompile Include="..\MOTOR\PriorConfig\dll_adapter.cpp" />
    <ClCompile Include="..\MOTOR\PriorConfig\find_dll.cpp" />
    <ClCompile Include="..\MOTOR\PriorPiezo.cpp" />
    <ClCompile Include="..\MOTOR\Stage.cpp" />
    <ClCompile Include="..\MOTOR\Tilt.cpp" />
    <ClCompile Include="..\MTH\Ang.cpp" />
    <ClCompile Include="..\MTH\LSF3D.cpp" />
    <ClCompile Include="..\MTH\LSFit.cpp" />
    <ClCompile Include="..\MTH\Point3.cpp" />
    <ClCompile Include="..\MTH\Stat.cpp" />
    <ClCompile Include="..\PLT\HSL2RGB.cpp" />
    <ClCompile Include="..\PSI\Frng.cpp" />
    <ClCompile Include="..\PSI\ICC.cpp" />
    <ClCompile Include="..\PSI\In.cpp" />
    <ClCompile Include="..\PSI\PSpar.cpp" />
    <ClCompile Include="..\PSI\Roi.cpp" />
    <ClCompile Include="..\PSI\sdef.cpp" />
    <ClCompile Include="..\PSI\Strip.cpp" />
    <ClCompile Include="..\SRC\DosUtil.cpp" />
    <ClCompile Include="..\SRC\EdListCtrl.cpp" />
    <ClCompile Include="..\SRC\hightime.cpp" />
    <ClCompile Include="..\SRC\InPEdit.cpp" />
    <ClCompile Include="..\SRC\ResizableDialog.cpp" />
    <ClCompile Include="..\SRC\ResizableFormView.cpp" />
    <ClCompile Include="..\SRC\ResizableGrip.cpp" />
    <ClCompile Include="..\SRC\ResizableLayout.cpp" />
    <ClCompile Include="..\SRC\ResizableMinMax.cpp" />
    <ClCompile Include="..\SRC\ResizableState.cpp" />
    <ClCompile Include="..\SRC\sinstance.cpp" />
    <ClCompile Include="..\SRC\XTabCtrl.cpp" />
    <ClCompile Include="AcqDlg.cpp" />
    <ClCompile Include="AnalysisDlg.cpp" />
    <ClCompile Include="AutoFocus.cpp" />
    <ClCompile Include="AutoTilt.cpp" />
    <ClCompile Include="BaslerCamDev.cpp" />
    <ClCompile Include="BaslerCameraDlg.cpp" />
    <ClCompile Include="BaslerColourCam.cpp" />
    <ClCompile Include="BaslerMonoCam.cpp" />
    <ClCompile Include="C2DPlotDlg.cpp" />
    <ClCompile Include="C3DPlotDlg.cpp" />
    <ClCompile Include="CameraDlg.cpp" />
    <ClCompile Include="CameraProp.cpp" />
    <ClCompile Include="CamSetDlg.cpp" />
    <ClCompile Include="CEOPiezo.cpp" />
    <ClCompile Include="ChuckMask.cpp" />
    <ClCompile Include="Color.cpp" />
    <ClCompile Include="Coor.cpp" />
    <ClCompile Include="Data.cpp" />
    <ClCompile Include="DataList.cpp" />
    <ClCompile Include="Dev.cpp" />
    <ClCompile Include="fft_lib.cpp" />
    <ClCompile Include="FocusLevelDlg.cpp" />
    <ClCompile Include="FringeWnd.cpp" />
    <ClCompile Include="Glbs.cpp" />
    <ClCompile Include="HeightDlg.cpp" />
    <ClCompile Include="HeightPlot.cpp" />
    <ClCompile Include="LevelSetupDlg.cpp" />
    <ClCompile Include="MainFrm.cpp" />
    <ClCompile Include="MeasProgressDlg.cpp" />
    <ClCompile Include="MeasurementDlg.cpp" />
    <ClCompile Include="MeasurementProperties.cpp" />
    <ClCompile Include="MeParam.cpp" />
    <ClCompile Include="MoCtrl.cpp" />
    <ClCompile Include="MoreSettingDlg.cpp" />
    <ClCompile Include="MotionControlDlg.cpp" />
    <ClCompile Include="MotPropDlg.cpp" />
    <ClCompile Include="MPList.cpp" />
    <ClCompile Include="MPoint.cpp" />
    <ClCompile Include="Pattern.cpp" />
    <ClCompile Include="pch.cpp" />
    <ClCompile Include="MoSetup.cpp" />
    <ClCompile Include="PicWnd.cpp" />
    <ClCompile Include="PylonStringHelpers.cpp" />
    <ClCompile Include="RAFTApp.cpp" />
    <ClCompile Include="Recipe.cpp" />
    <ClCompile Include="RecipeDlg.cpp" />
    <ClCompile Include="RecipeRAFT.cpp" />
    <ClCompile Include="ResultRAFT.cpp" />
    <ClCompile Include="ResultDlg.cpp" />
    <ClCompile Include="RoughnessDlg.cpp" />
    <ClCompile Include="Spot.cpp" />
    <ClCompile Include="stdafx.cpp" />
    <ClCompile Include="StripDlg.cpp" />
    <ClCompile Include="TiltControlDlg.cpp" />
    <ClCompile Include="WaferMap.cpp" />
    <ClCompile Include="WaferParam.cpp" />
    <ClCompile Include="WLI.cpp" />
    <ClCompile Include="WLIDoc.cpp" />
    <ClCompile Include="WLIView.cpp" />
    <ClCompile Include="XYStageDlg.cpp" />
    <ClCompile Include="Cfilters.cpp" />
  </ItemGroup>
  <ItemGroup>
    <ClInclude Include="..\CAM\CamDev.h" />
    <ClInclude Include="..\CAM\Camera.h" />
    <ClInclude Include="..\CAM\CamPar.h" />
    <ClInclude Include="..\CAM\LucamDev.h" />
    <ClInclude Include="..\IM\ColorMapGenerator.h" />
    <ClInclude Include="..\IM\fArchive.h" />
    <ClInclude Include="..\IM\IM.h" />
    <ClInclude Include="..\IM\IMS.h" />
    <ClInclude Include="..\LOG\LogSys.h" />
    <ClInclude Include="..\MOTOR\COM.h" />
    <ClInclude Include="..\MOTOR\COM_D.h" />
    <ClInclude Include="..\MOTOR\Motor.h" />
    <ClInclude Include="..\MOTOR\MotorCtrl.h" />
    <ClInclude Include="..\MOTOR\Piezo.h" />
    <ClInclude Include="..\MOTOR\PriorConfig\controller_interface.h" />
    <ClInclude Include="..\MOTOR\PriorConfig\controller_interface.hpp" />
    <ClInclude Include="..\MOTOR\PriorConfig\datalink_serial.hpp" />
    <ClInclude Include="..\MOTOR\PriorConfig\dll_adapter.hpp" />
    <ClInclude Include="..\MOTOR\PriorConfig\et_common_api.h" />
    <ClInclude Include="..\MOTOR\PriorConfig\find_dll.hpp" />
    <ClInclude Include="..\MOTOR\PriorPiezo.h" />
    <ClInclude Include="..\MOTOR\Stage.h" />
    <ClInclude Include="..\MOTOR\Tilt.h" />
    <ClInclude Include="..\MTH\Ang.h" />
    <ClInclude Include="..\MTH\Define.h" />
    <ClInclude Include="..\MTH\LSF3D.h" />
    <ClInclude Include="..\MTH\LSFit.h" />
    <ClInclude Include="..\MTH\Point3.h" />
    <ClInclude Include="..\MTH\Pxy.h" />
    <ClInclude Include="..\MTH\Stat.h" />
    <ClInclude Include="..\PLT\HSL2RGB.h" />
    <ClInclude Include="..\PSI\Frng.h" />
    <ClInclude Include="..\PSI\ICC.h" />
    <ClInclude Include="..\PSI\In.h" />
    <ClInclude Include="..\PSI\PSpar.h" />
    <ClInclude Include="..\PSI\Roi.h" />
    <ClInclude Include="..\PSI\sdef.h" />
    <ClInclude Include="..\PSI\Strip.h" />
    <ClInclude Include="..\SRC\DOSUtil.h" />
    <ClInclude Include="..\SRC\EdListCtrl.h" />
    <ClInclude Include="..\SRC\hightime.h" />
    <ClInclude Include="..\SRC\InPEdit.h" />
    <ClInclude Include="..\SRC\ResizableDialog.h" />
    <ClInclude Include="..\SRC\ResizableFormView.h" />
    <ClInclude Include="..\SRC\ResizableGrip.h" />
    <ClInclude Include="..\SRC\ResizableLayout.h" />
    <ClInclude Include="..\SRC\ResizableMinMax.h" />
    <ClInclude Include="..\SRC\ResizableState.h" />
    <ClInclude Include="..\SRC\sinstance.h" />
    <ClInclude Include="..\SRC\XTabCtrl.h" />
    <ClInclude Include="..\SRC\XTabDefine.h" />
    <ClInclude Include="000_rev.h" />
    <ClInclude Include="AcqDlg.h" />
    <ClInclude Include="AnalysisDlg.h" />
    <ClInclude Include="AutoFocus.h" />
    <ClInclude Include="AutoPacketSizeConfiguration.h" />
    <ClInclude Include="AutoTilt.h" />
    <ClInclude Include="BaslerCamDev.h" />
    <ClInclude Include="BaslerCameraDlg.h" />
    <ClInclude Include="BaslerColourCam.h" />
    <ClInclude Include="BaslerMonoCam.h" />
    <ClInclude Include="C2DPlotDlg.h" />
    <ClInclude Include="C3DPlotDlg.h" />
    <ClInclude Include="CameraDlg.h" />
    <ClInclude Include="CameraProp.h" />
    <ClInclude Include="CamSetDlg.h" />
    <ClInclude Include="CEOPiezo.h" />
    <ClInclude Include="Cfilters.h" />
    <ClInclude Include="ChuckMask.h" />
    <ClInclude Include="Color.h" />
    <ClInclude Include="ColorDefine.h" />
    <ClInclude Include="Coor.h" />
    <ClInclude Include="Data.h" />
    <ClInclude Include="DataList.h" />
    <ClInclude Include="Dev.h" />
    <ClInclude Include="eo-drive.h" />
    <ClInclude Include="fft_lib.h" />
    <ClInclude Include="FocusLevelDlg.h" />
    <ClInclude Include="framework.h" />
    <ClInclude Include="FringeWnd.h" />
    <ClInclude Include="Glbs.h" />
    <ClInclude Include="HeightDlg.h" />
    <ClInclude Include="HeightPlot.h" />
    <ClInclude Include="LevelSetupDlg.h" />
    <ClInclude Include="MainFrm.h" />
    <ClInclude Include="MeasProgressDlg.h" />
    <ClInclude Include="MeasurementDlg.h" />
    <ClInclude Include="MeasurementProperties.h" />
    <ClInclude Include="MeParam.h" />
    <ClInclude Include="MoCtrl.h" />
    <ClInclude Include="MoreSettingDlg.h" />
    <ClInclude Include="MotionControlDlg.h" />
    <ClInclude Include="MotPropDlg.h" />
    <ClInclude Include="MParam.h" />
    <ClInclude Include="MPList.h" />
    <ClInclude Include="MPoint.h" />
    <ClInclude Include="Pattern.h" />
    <ClInclude Include="pch.h" />
    <ClInclude Include="Pegrpapi.h" />
    <ClInclude Include="PicWnd.h" />
    <ClInclude Include="PylonStringHelpers.h" />
    <ClInclude Include="RAFTApp.h" />
    <ClInclude Include="Recipe.h" />
    <ClInclude Include="RecipeDlg.h" />
    <ClInclude Include="RecipeRAFT.h" />
    <ClInclude Include="Resource.h" />
    <ClInclude Include="MoSetup.h" />
    <ClInclude Include="RoughnessDlg.h" />
    <ClInclude Include="ScanPar.h" />
    <ClInclude Include="Spot.h" />
    <ClInclude Include="stdafx.h" />
    <ClInclude Include="StripDlg.h" />
    <ClInclude Include="targetver.h" />
    <ClInclude Include="TiltControlDlg.h" />
    <ClInclude Include="WaferMap.h" />
    <ClInclude Include="WaferParam.h" />
    <ClInclude Include="wdefine.h" />
    <ClInclude Include="WLI.h" />
    <ClInclude Include="WLIDoc.h" />
    <ClInclude Include="WLIView.h" />
    <ClInclude Include="XYStageDlg.h" />
    <ClInclude Include="kernel.h" />
  </ItemGroup>
  <ItemGroup>
    <ClCompile Include="WLI.cpp">
      <Filter>Source Files</Filter>
    </ClCompile>
    <ClCompile Include="MainFrm.cpp">
      <Filter>Source Files</Filter>
    </ClCompile>
    <ClCompile Include="WLIDoc.cpp">
      <Filter>Source Files</Filter>
    </ClCompile>
    <ClCompile Include="WLIView.cpp">
      <Filter>Source Files</Filter>
    </ClCompile>
    <ClCompile Include="pch.cpp">
      <Filter>Source Files</Filter>
    </ClCompile>
    <ClCompile Include="Dev.cpp">
      <Filter>Source Files</Filter>
    </ClCompile>
    <ClCompile Include="..\MOTOR\COM.cpp">
      <Filter>Source Files</Filter>
    </ClCompile>
    <ClCompile Include="..\MOTOR\COM_D.cpp">
      <Filter>Source Files</Filter>
    </ClCompile>
    <ClCompile Include="..\MOTOR\Motor.cpp">
      <Filter>Source Files</Filter>
    </ClCompile>
    <ClCompile Include="..\MOTOR\MotorCtrl.cpp">
      <Filter>Source Files</Filter>
    </ClCompile>
    <ClCompile Include="..\MOTOR\Stage.cpp">
      <Filter>Source Files</Filter>
    </ClCompile>
    <ClCompile Include="..\MOTOR\Tilt.cpp">
      <Filter>Source Files</Filter>
    </ClCompile>
    <ClCompile Include="..\SRC\DosUtil.cpp">
      <Filter>Source Files</Filter>
    </ClCompile>
    <ClCompile Include="MoCtrl.cpp">
      <Filter>Source Files</Filter>
    </ClCompile>
    <ClCompile Include="..\LOG\LogSys.cpp">
      <Filter>Source Files</Filter>
    </ClCompile>
    <ClCompile Include="..\MTH\Point3.cpp">
      <Filter>Source Files</Filter>
    </ClCompile>
    <ClCompile Include="..\CAM\Camera.cpp">
      <Filter>Source Files</Filter>
    </ClCompile>
    <ClCompile Include="..\CAM\CamDev.cpp">
      <Filter>Source Files</Filter>
    </ClCompile>
    <ClCompile Include="..\IM\IM.cpp">
      <Filter>Source Files</Filter>
    </ClCompile>
    <ClCompile Include="..\CAM\LucamDev.cpp">
      <Filter>Source Files</Filter>
    </ClCompile>
    <ClCompile Include="..\CAM\CamPar.cpp">
      <Filter>Source Files</Filter>
    </ClCompile>
    <ClCompile Include="CameraDlg.cpp">
      <Filter>Source Files</Filter>
    </ClCompile>
    <ClCompile Include="AcqDlg.cpp">
      <Filter>Source Files</Filter>
    </ClCompile>
    <ClCompile Include="HeightDlg.cpp">
      <Filter>Source Files</Filter>
    </ClCompile>
    <ClCompile Include="..\SRC\XTabCtrl.cpp">
      <Filter>Source Files</Filter>
    </ClCompile>
    <ClCompile Include="..\SRC\ResizableDialog.cpp">
      <Filter>Source Files</Filter>
    </ClCompile>
    <ClCompile Include="..\SRC\ResizableFormView.cpp">
      <Filter>Source Files</Filter>
    </ClCompile>
    <ClCompile Include="..\SRC\ResizableGrip.cpp">
      <Filter>Source Files</Filter>
    </ClCompile>
    <ClCompile Include="..\SRC\ResizableLayout.cpp">
      <Filter>Source Files</Filter>
    </ClCompile>
    <ClCompile Include="..\SRC\ResizableMinMax.cpp">
      <Filter>Source Files</Filter>
    </ClCompile>
    <ClCompile Include="..\SRC\ResizableState.cpp">
      <Filter>Source Files</Filter>
    </ClCompile>
    <ClCompile Include="..\SRC\sinstance.cpp">
      <Filter>Source Files</Filter>
    </ClCompile>
    <ClCompile Include="MoSetup.cpp">
      <Filter>Source Files</Filter>
    </ClCompile>
    <ClCompile Include="..\MOTOR\Piezo.cpp">
      <Filter>Source Files</Filter>
    </ClCompile>
    <ClCompile Include="..\PSI\Strip.cpp">
      <Filter>Source Files</Filter>
    </ClCompile>
    <ClCompile Include="..\IM\IMS.cpp">
      <Filter>Source Files</Filter>
    </ClCompile>
    <ClCompile Include="..\PSI\Frng.cpp">
      <Filter>Source Files</Filter>
    </ClCompile>
    <ClCompile Include="..\PSI\Roi.cpp">
      <Filter>Source Files</Filter>
    </ClCompile>
    <ClCompile Include="..\PSI\sdef.cpp">
      <Filter>Source Files</Filter>
    </ClCompile>
    <ClCompile Include="..\MTH\Stat.cpp">
      <Filter>Source Files</Filter>
    </ClCompile>
    <ClCompile Include="..\MTH\Ang.cpp">
      <Filter>Source Files</Filter>
    </ClCompile>
    <ClCompile Include="..\PSI\In.cpp">
      <Filter>Source Files</Filter>
    </ClCompile>
    <ClCompile Include="..\MTH\LSFit.cpp">
      <Filter>Source Files</Filter>
    </ClCompile>
    <ClCompile Include="..\PSI\ICC.cpp">
      <Filter>Source Files</Filter>
    </ClCompile>
    <ClCompile Include="..\SRC\hightime.cpp">
      <Filter>Source Files</Filter>
    </ClCompile>
    <ClCompile Include="CamSetDlg.cpp">
      <Filter>Source Files</Filter>
    </ClCompile>
    <ClCompile Include="..\SRC\EdListCtrl.cpp">
      <Filter>Source Files</Filter>
    </ClCompile>
    <ClCompile Include="MotPropDlg.cpp">
      <Filter>Source Files</Filter>
    </ClCompile>
    <ClCompile Include="..\SRC\InPEdit.cpp">
      <Filter>Source Files</Filter>
    </ClCompile>
    <ClCompile Include="StripDlg.cpp">
      <Filter>Source Files</Filter>
    </ClCompile>
    <ClCompile Include="PicWnd.cpp">
      <Filter>Source Files</Filter>
    </ClCompile>
    <ClCompile Include="FringeWnd.cpp">
      <Filter>Source Files</Filter>
    </ClCompile>
    <ClCompile Include="..\IM\ColorMapGenerator.cpp">
      <Filter>Source Files</Filter>
    </ClCompile>
    <ClCompile Include="Color.cpp">
      <Filter>Source Files</Filter>
    </ClCompile>
    <ClCompile Include="Recipe.cpp">
      <Filter>Source Files</Filter>
    </ClCompile>
    <ClCompile Include="..\PSI\PSpar.cpp">
      <Filter>Source Files</Filter>
    </ClCompile>
    <ClCompile Include="..\MTH\LSF3D.cpp">
      <Filter>Source Files</Filter>
    </ClCompile>
    <ClCompile Include="Spot.cpp">
      <Filter>Source Files</Filter>
    </ClCompile>
    <ClCompile Include="MotionControlDlg.cpp">
      <Filter>Source Files</Filter>
    </ClCompile>
    <ClCompile Include="TiltControlDlg.cpp">
      <Filter>Source Files</Filter>
    </ClCompile>
    <ClCompile Include="XYStageDlg.cpp">
      <Filter>Source Files</Filter>
    </ClCompile>
    <ClCompile Include="Glbs.cpp">
      <Filter>Source Files</Filter>
    </ClCompile>
    <ClCompile Include="FocusLevelDlg.cpp">
      <Filter>Source Files</Filter>
    </ClCompile>
    <ClCompile Include="LevelSetupDlg.cpp">
      <Filter>Source Files</Filter>
    </ClCompile>
    <ClCompile Include="MoreSettingDlg.cpp">
      <Filter>Source Files</Filter>
    </ClCompile>
    <ClCompile Include="PylonStringHelpers.cpp">
      <Filter>Source Files</Filter>
    </ClCompile>
    <ClCompile Include="stdafx.cpp">
      <Filter>Source Files</Filter>
    </ClCompile>
    <ClCompile Include="BaslerCameraDlg.cpp">
      <Filter>Source Files</Filter>
    </ClCompile>
    <ClCompile Include="BaslerCamDev.cpp">
      <Filter>Source Files</Filter>
    </ClCompile>
    <ClCompile Include="HeightPlot.cpp">
      <Filter>Source Files</Filter>
    </ClCompile>
    <ClCompile Include="RecipeDlg.cpp">
      <Filter>Source Files</Filter>
    </ClCompile>
    <ClCompile Include="RoughnessDlg.cpp">
      <Filter>Source Files</Filter>
    </ClCompile>
    <ClCompile Include="fft_lib.cpp">
      <Filter>Source Files</Filter>
    </ClCompile>
    <ClCompile Include="MeasProgressDlg.cpp">
      <Filter>Source Files</Filter>
    </ClCompile>
    <ClCompile Include="..\MOTOR\PriorConfig\datalink_serial.cpp">
      <Filter>Source Files</Filter>
    </ClCompile>
    <ClCompile Include="..\MOTOR\PriorConfig\dll_adapter.cpp">
      <Filter>Source Files</Filter>
    </ClCompile>
    <ClCompile Include="..\MOTOR\PriorConfig\find_dll.cpp">
      <Filter>Source Files</Filter>
    </ClCompile>
    <ClCompile Include="..\MOTOR\PriorPiezo.cpp">
      <Filter>Source Files</Filter>
    </ClCompile>
    <ClCompile Include="CEOPiezo.cpp">
      <Filter>Source Files</Filter>
    </ClCompile>
    <ClCompile Include="BaslerColourCam.cpp">
      <Filter>Source Files</Filter>
    </ClCompile>
    <ClCompile Include="BaslerMonoCam.cpp">
      <Filter>Source Files</Filter>
    </ClCompile>
    <ClCompile Include="AutoTilt.cpp">
      <Filter>Source Files</Filter>
    </ClCompile>
    <ClCompile Include="AutoFocus.cpp">
      <Filter>Source Files</Filter>
    </ClCompile>
    <ClCompile Include="CameraProp.cpp">
      <Filter>Source Files</Filter>
    </ClCompile>
    <ClCompile Include="MeasurementDlg.cpp">
      <Filter>Source Files</Filter>
    </ClCompile>
    <ClCompile Include="AnalysisDlg.cpp">
      <Filter>Source Files</Filter>
    </ClCompile>
    <ClCompile Include="..\PLT\HSL2RGB.cpp">
      <Filter>Source Files</Filter>
    </ClCompile>
    <ClCompile Include="ChuckMask.cpp">
      <Filter>Source Files</Filter>
    </ClCompile>
    <ClCompile Include="Coor.cpp">
      <Filter>Source Files</Filter>
    </ClCompile>
    <ClCompile Include="Data.cpp">
      <Filter>Source Files</Filter>
    </ClCompile>
    <ClCompile Include="DataList.cpp">
      <Filter>Source Files</Filter>
    </ClCompile>
    <ClCompile Include="MeasurementProperties.cpp">
      <Filter>Source Files</Filter>
    </ClCompile>
    <ClCompile Include="MeParam.cpp">
      <Filter>Source Files</Filter>
    </ClCompile>
    <ClCompile Include="MPList.cpp">
      <Filter>Source Files</Filter>
    </ClCompile>
    <ClCompile Include="MPoint.cpp">
      <Filter>Source Files</Filter>
    </ClCompile>
    <ClCompile Include="Pattern.cpp">
      <Filter>Source Files</Filter>
    </ClCompile>
    <ClCompile Include="RAFTApp.cpp">
      <Filter>Source Files</Filter>
    </ClCompile>
    <ClCompile Include="RecipeRAFT.cpp">
      <Filter>Source Files</Filter>
    </ClCompile>
    <ClCompile Include="WaferMap.cpp">
      <Filter>Source Files</Filter>
    </ClCompile>
    <ClCompile Include="WaferParam.cpp">
      <Filter>Source Files</Filter>
    </ClCompile>
    <ClCompile Include="C2DPlotDlg.cpp">
      <Filter>Source Files</Filter>
    </ClCompile>
    <ClCompile Include="C3DPlotDlg.cpp">
      <Filter>Source Files</Filter>
    </ClCompile>
    <ClInclude Include="..\CAM\CamDev.h" />
    <ClInclude Include="..\CAM\Camera.h" />
    <ClInclude Include="..\CAM\CamPar.h" />
    <ClInclude Include="..\CAM\LucamDev.h" />
    <ClInclude Include="..\IM\ColorMapGenerator.h" />
    <ClInclude Include="..\IM\fArchive.h" />
    <ClInclude Include="..\IM\IM.h" />
    <ClInclude Include="..\IM\IMS.h" />
    <ClInclude Include="..\LOG\LogSys.h" />
    <ClInclude Include="..\MOTOR\COM.h" />
    <ClInclude Include="..\MOTOR\COM_D.h" />
    <ClInclude Include="..\MOTOR\Motor.h" />
    <ClInclude Include="..\MOTOR\MotorCtrl.h" />
    <ClInclude Include="..\MOTOR\Piezo.h" />
    <ClInclude Include="..\MOTOR\PriorConfig\controller_interface.h" />
    <ClInclude Include="..\MOTOR\PriorConfig\controller_interface.hpp" />
    <ClInclude Include="..\MOTOR\PriorConfig\datalink_serial.hpp" />
    <ClInclude Include="..\MOTOR\PriorConfig\dll_adapter.hpp" />
    <ClInclude Include="..\MOTOR\PriorConfig\et_common_api.h" />
    <ClInclude Include="..\MOTOR\PriorConfig\find_dll.hpp" />
    <ClInclude Include="..\MOTOR\PriorPiezo.h" />
    <ClInclude Include="..\MOTOR\Stage.h" />
    <ClInclude Include="..\MOTOR\Tilt.h" />
    <ClInclude Include="..\MTH\Ang.h" />
    <ClInclude Include="..\MTH\Define.h" />
    <ClInclude Include="..\MTH\LSF3D.h" />
    <ClInclude Include="..\MTH\LSFit.h" />
    <ClInclude Include="..\MTH\Point3.h" />
    <ClInclude Include="..\MTH\Pxy.h" />
    <ClInclude Include="..\MTH\Stat.h" />
    <ClInclude Include="..\PLT\HSL2RGB.h" />
    <ClInclude Include="..\PSI\Frng.h" />
    <ClInclude Include="..\PSI\ICC.h" />
    <ClInclude Include="..\PSI\In.h" />
    <ClInclude Include="..\PSI\PSpar.h" />
    <ClInclude Include="..\PSI\Roi.h" />
    <ClInclude Include="..\PSI\sdef.h" />
    <ClInclude Include="..\PSI\Strip.h" />
    <ClInclude Include="..\SRC\DOSUtil.h" />
    <ClInclude Include="..\SRC\EdListCtrl.h" />
    <ClInclude Include="..\SRC\hightime.h" />
    <ClInclude Include="..\SRC\InPEdit.h" />
    <ClInclude Include="..\SRC\ResizableDialog.h" />
    <ClInclude Include="..\SRC\ResizableFormView.h" />
    <ClInclude Include="..\SRC\ResizableGrip.h" />
    <ClInclude Include="..\SRC\ResizableLayout.h" />
    <ClInclude Include="..\SRC\ResizableMinMax.h" />
    <ClInclude Include="..\SRC\ResizableState.h" />
    <ClInclude Include="..\SRC\sinstance.h" />
    <ClInclude Include="..\SRC\XTabCtrl.h" />
    <ClInclude Include="..\SRC\XTabDefine.h" />
    <ClInclude Include="000_rev.h" />
    <ClInclude Include="AcqDlg.h" />
    <ClInclude Include="AnalysisDlg.h" />
    <ClInclude Include="AutoFocus.h" />
    <ClInclude Include="AutoPacketSizeConfiguration.h" />
    <ClInclude Include="AutoTilt.h" />
    <ClInclude Include="BaslerCamDev.h" />
    <ClInclude Include="BaslerCameraDlg.h" />
    <ClInclude Include="BaslerColourCam.h" />
    <ClInclude Include="BaslerMonoCam.h" />
    <ClInclude Include="C2DPlotDlg.h" />
    <ClInclude Include="C3DPlotDlg.h" />
    <ClInclude Include="CameraDlg.h" />
    <ClInclude Include="CameraProp.h" />
    <ClInclude Include="CamSetDlg.h" />
    <ClInclude Include="CEOPiezo.h" />
    <ClInclude Include="ChuckMask.h" />
    <ClInclude Include="Color.h" />
    <ClInclude Include="ColorDefine.h" />
    <ClInclude Include="Coor.h" />
    <ClInclude Include="Data.h" />
    <ClInclude Include="DataList.h" />
    <ClInclude Include="Dev.h" />
    <ClInclude Include="eo-drive.h" />
    <ClInclude Include="fft_lib.h" />
    <ClInclude Include="FocusLevelDlg.h" />
    <ClInclude Include="framework.h" />
    <ClInclude Include="FringeWnd.h" />
    <ClInclude Include="Glbs.h" />
    <ClInclude Include="HeightDlg.h" />
    <ClInclude Include="HeightPlot.h" />
    <ClInclude Include="LevelSetupDlg.h" />
    <ClInclude Include="MainFrm.h" />
    <ClInclude Include="MeasProgressDlg.h" />
    <ClInclude Include="MeasurementDlg.h" />
    <ClInclude Include="MeasurementProperties.h" />
    <ClInclude Include="MeParam.h" />
    <ClInclude Include="MoCtrl.h" />
    <ClInclude Include="MoreSettingDlg.h" />
    <ClInclude Include="MotionControlDlg.h" />
    <ClInclude Include="MotPropDlg.h" />
    <ClInclude Include="MParam.h" />
    <ClInclude Include="MPList.h" />
    <ClInclude Include="MPoint.h" />
    <ClInclude Include="Pattern.h" />
    <ClInclude Include="pch.h" />
    <ClInclude Include="Pegrpapi.h" />
    <ClInclude Include="PicWnd.h" />
    <ClInclude Include="PylonStringHelpers.h" />
    <ClInclude Include="RAFTApp.h" />
    <ClInclude Include="Recipe.h" />
    <ClInclude Include="RecipeDlg.h" />
    <ClInclude Include="RecipeRAFT.h" />
    <ClInclude Include="Resource.h" />
    <ClInclude Include="MoSetup.h" />
    <ClInclude Include="ResultRAFT.h" />
    <ClInclude Include="ResultDlg.h" />
    <ClInclude Include="RoughnessDlg.h" />
    <ClInclude Include="ScanPar.h" />
    <ClInclude Include="Spot.h" />
    <ClInclude Include="stdafx.h" />
    <ClInclude Include="StripDlg.h" />
    <ClInclude Include="targetver.h" />
    <ClInclude Include="TiltControlDlg.h" />
    <ClInclude Include="WaferMap.h" />
    <ClInclude Include="WaferParam.h" />
    <ClInclude Include="wdefine.h" />
    <ClInclude Include="WLI.h" />
    <ClInclude Include="WLIDoc.h" />
    <ClInclude Include="WLIView.h" />
    <ClInclude Include="XYStageDlg.h" />
  </ItemGroup>
  <ItemGroup>
    <Library Include="PEGRP64G.lib" />
    <Library Include="..\MOTOR\PI_GCS2_DLL_x64.lib" />
  </ItemGroup>
  <ItemGroup>
    <ResourceCompile Include="WLI.rc" />
  </ItemGroup>
  <ItemGroup>
    <Image Include="..\..\test.jpg" />
    <Image Include="res\bitmap1.bmp" />
    <Image Include="res\bmp00001.bmp" />
    <Image Include="res\test.bmp" />
    <Image Include="res\test.jpg" />
    <Image Include="res\WLI.ico" />
    <Image Include="res\WLIDoc.ico" />
    <Image Include="res\RAFT.ico" />
  </ItemGroup>
  <ItemGroup>
    <None Include="..\SRC\hightime.inl" />
    <None Include="ClassDiagram.cd" />
    <None Include="PEGRP32G.DLL" />
    <None Include="PEGRP64G.DLL" />
    <None Include="res\WLI.rc2" />
    <None Include="WLI.reg" />
  </ItemGroup>
  <ItemGroup>
    <CudaCompile Include="kernel.cu" />
  </ItemGroup>
</Project>